
Microsoft Visual Studio Solution File, Format Version 12.00
# Visual Studio 14
VisualStudioVersion = 14.0.25420.1
MinimumVisualStudioVersion = 10.0.40219.1
Project("{8BC9CEB8-8B4A-11D0-8D11-00A0C91BC942}") = "lib_15", "OVI_container.vcxproj", "{71ED8974-6BAF-4F89-AD36-FC07B0CA7FBA}"
EndProject
Project("{8BC9CEB8-8B4A-11D0-8D11-00A0C91BC942}") = "test1", "..\test1\test1.vcxproj", "{4423DE61-80E4-4E60-BF01-3C2B817117D0}"
	ProjectSection(ProjectDependencies) = postProject
		{71ED8974-6BAF-4F89-AD36-FC07B0CA7FBA} = {71ED8974-6BAF-4F89-AD36-FC07B0CA7FBA}
	EndProjectSection
EndProject
Project("{8BC9CEB8-8B4A-11D0-8D11-00A0C91BC942}") = "Refresh", "..\Refresh\Refresh.vcxproj", "{9B17199B-BB90-42AE-A285-EA14CD55F11C}"
EndProject
Project("{8BC9CEB8-8B4A-11D0-8D11-00A0C91BC942}") = "aes_128", "..\aes\aes.vcxproj", "{4958EF25-1DAE-43BA-B797-33B703E97C3B}"
EndProject
Project("{8BC9CEB8-8B4A-11D0-8D11-00A0C91BC942}") = "Line", "..\Line\Line.vcxproj", "{3F85F5D1-E892-4DB5-A921-FAB6BF30909F}"
EndProject
Project("{8BC9CEB8-8B4A-11D0-8D11-00A0C91BC942}") = "OviInfo", "..\OviInfo\OviInfo.vcxproj", "{1340F95F-56F1-4303-8511-4E34A28A5BB8}"
	ProjectSection(ProjectDependencies) = postProject
		{71ED8974-6BAF-4F89-AD36-FC07B0CA7FBA} = {71ED8974-6BAF-4F89-AD36-FC07B0CA7FBA}
	EndProjectSection
EndProject
Global
	GlobalSection(SolutionConfigurationPlatforms) = preSolution
		Debug|x64 = Debug|x64
		Debug|x86 = Debug|x86
		Release|x64 = Release|x64
		Release|x86 = Release|x86
	EndGlobalSection
	GlobalSection(ProjectConfigurationPlatforms) = postSolution
		{71ED8974-6BAF-4F89-AD36-FC07B0CA7FBA}.Debug|x64.ActiveCfg = Debug|x64
		{71ED8974-6BAF-4F89-AD36-FC07B0CA7FBA}.Debug|x64.Build.0 = Debug|x64
		{71ED8974-6BAF-4F89-AD36-FC07B0CA7FBA}.Debug|x86.ActiveCfg = Debug|Win32
		{71ED8974-6BAF-4F89-AD36-FC07B0CA7FBA}.Debug|x86.Build.0 = Debug|Win32
		{71ED8974-6BAF-4F89-AD36-FC07B0CA7FBA}.Release|x64.ActiveCfg = Release|x64
		{71ED8974-6BAF-4F89-AD36-FC07B0CA7FBA}.Release|x64.Build.0 = Release|x64
		{71ED8974-6BAF-4F89-AD36-FC07B0CA7FBA}.Release|x86.ActiveCfg = Release|Win32
		{71ED8974-6BAF-4F89-AD36-FC07B0CA7FBA}.Release|x86.Build.0 = Release|Win32
		{4423DE61-80E4-4E60-BF01-3C2B817117D0}.Debug|x64.ActiveCfg = Debug|x64
		{4423DE61-80E4-4E60-BF01-3C2B817117D0}.Debug|x64.Build.0 = Debug|x64
		{4423DE61-80E4-4E60-BF01-3C2B817117D0}.Debug|x86.ActiveCfg = Debug|Win32
		{4423DE61-80E4-4E60-BF01-3C2B817117D0}.Debug|x86.Build.0 = Debug|Win32
		{4423DE61-80E4-4E60-BF01-3C2B817117D0}.Release|x64.ActiveCfg = Release|x64
		{4423DE61-80E4-4E60-BF01-3C2B817117D0}.Release|x64.Build.0 = Release|x64
		{4423DE61-80E4-4E60-BF01-3C2B817117D0}.Release|x86.ActiveCfg = Release|Win32
		{4423DE61-80E4-4E60-BF01-3C2B817117D0}.Release|x86.Build.0 = Release|Win32
		{9B17199B-BB90-42AE-A285-EA14CD55F11C}.Debug|x64.ActiveCfg = Debug|x64
		{9B17199B-BB90-42AE-A285-EA14CD55F11C}.Debug|x64.Build.0 = Debug|x64
		{9B17199B-BB90-42AE-A285-EA14CD55F11C}.Debug|x86.ActiveCfg = Debug|Win32
		{9B17199B-BB90-42AE-A285-EA14CD55F11C}.Debug|x86.Build.0 = Debug|Win32
		{9B17199B-BB90-42AE-A285-EA14CD55F11C}.Release|x64.ActiveCfg = Release|x64
		{9B17199B-BB90-42AE-A285-EA14CD55F11C}.Release|x64.Build.0 = Release|x64
		{9B17199B-BB90-42AE-A285-EA14CD55F11C}.Release|x86.ActiveCfg = Release|Win32
		{9B17199B-BB90-42AE-A285-EA14CD55F11C}.Release|x86.Build.0 = Release|Win32
		{4958EF25-1DAE-43BA-B797-33B703E97C3B}.Debug|x64.ActiveCfg = Debug|x64
		{4958EF25-1DAE-43BA-B797-33B703E97C3B}.Debug|x64.Build.0 = Debug|x64
		{4958EF25-1DAE-43BA-B797-33B703E97C3B}.Debug|x86.ActiveCfg = Debug|Win32
		{4958EF25-1DAE-43BA-B797-33B703E97C3B}.Debug|x86.Build.0 = Debug|Win32
		{4958EF25-1DAE-43BA-B797-33B703E97C3B}.Release|x64.ActiveCfg = Release|x64
		{4958EF25-1DAE-43BA-B797-33B703E97C3B}.Release|x64.Build.0 = Release|x64
		{4958EF25-1DAE-43BA-B797-33B703E97C3B}.Release|x86.ActiveCfg = Release|Win32
		{4958EF25-1DAE-43BA-B797-33B703E97C3B}.Release|x86.Build.0 = Release|Win32
		{3F85F5D1-E892-4DB5-A921-FAB6BF30909F}.Debug|x64.ActiveCfg = Debug|x64
		{3F85F5D1-E892-4DB5-A921-FAB6BF30909F}.Debug|x64.Build.0 = Debug|x64
		{3F85F5D1-E892-4DB5-A921-FAB6BF30909F}.Debug|x86.ActiveCfg = Debug|Win32
		{3F85F5D1-E892-4DB5-A921-FAB6BF30909F}.Debug|x86.Build.0 = Debug|Win32
		{3F85F5D1-E892-4DB5-A921-FAB6BF30909F}.Release|x64.ActiveCfg = Release|x64
		{3F85F5D1-E892-4DB5-A921-FAB6BF30909F}.Release|x64.Build.0 = Release|x64
		{3F85F5D1-E892-4DB5-A921-FAB6BF30909F}.Release|x86.ActiveCfg = Release|Win32
		{3F85F5D1-E892-4DB5-A921-FAB6BF30909F}.Release|x86.Build.0 = Release|Win32
		{1340F95F-56F1-4303-8511-4E34A28A5BB8}.Debug|x64.ActiveCfg = Debug|x64
		{1340F95F-56F1-4303-8511-4E34A28A5BB8}.Debug|x64.Build.0 = Debug|x64
		{1340F95F-56F1-4303-8511-4E34A28A5BB8}.Debug|x86.ActiveCfg = Debug|Win32
		{1340F95F-56F1-4303-8511-4E34A28A5BB8}.Debug|x86.Build.0 = Debug|Win32
		{1340F95F-56F1-4303-8511-4E34A28A5BB8}.Release|x64.ActiveCfg = Release|x64
		{1340F95F-56F1-4303-8511-4E34A28A5BB8}.Release|x64.Build.0 = Release|x64
		{1340F95F-56F1-4303-8511-4E34A28A5BB8}.Release|x86.ActiveCfg = Release|Win32
		{1340F95F-56F1-4303-8511-4E34A28A5BB8}.Release|x86.Build.0 = Release|Win32
	EndGlobalSection
	GlobalSection(SolutionProperties) = preSolution
		HideSolutionNode = FALSE
	EndGlobalSection
EndGlobal
