<?xml version="1.0" encoding="utf-8"?>
<Project ToolsVersion="4.0" xmlns="http://schemas.microsoft.com/developer/msbuild/2003">
  <ItemGroup>
    <Filter Include="Source Files">
      <UniqueIdentifier>{4FC737F1-C7A5-4376-A066-2A32D752A2FF}</UniqueIdentifier>
      <Extensions>cpp;c;cc;cxx;def;odl;idl;hpj;bat;asm;asmx</Extensions>
    </Filter>
    <Filter Include="Header Files">
      <UniqueIdentifier>{93995380-89BD-4b04-88EB-625FBE52EBFB}</UniqueIdentifier>
      <Extensions>h;hpp;hxx;hm;inl;inc;xsd</Extensions>
    </Filter>
    <Filter Include="Resource Files">
      <UniqueIdentifier>{67DA6AB6-F800-4c08-8B7A-83BB121AAD01}</UniqueIdentifier>
      <Extensions>rc;ico;cur;bmp;dlg;rc2;rct;bin;rgs;gif;jpg;jpeg;jpe;resx;tiff;tif;png;wav;mfcribbon-ms</Extensions>
    </Filter>
    <Filter Include="Containers">
      <UniqueIdentifier>{7dd65f1b-6e01-4cd8-af50-55dd32b59069}</UniqueIdentifier>
    </Filter>
    <Filter Include="Containers\OVI">
      <UniqueIdentifier>{84ad096d-d783-49a4-abb5-3af98af6c2a0}</UniqueIdentifier>
    </Filter>
  </ItemGroup>
  <ItemGroup>
    <ClInclude Include="targetver.h">
      <Filter>Header Files</Filter>
    </ClInclude>
    <ClInclude Include="ArchiveFileWriter.h">
      <Filter>Header Files</Filter>
    </ClInclude>
    <ClInclude Include="CodecConstants.h">
      <Filter>Header Files</Filter>
    </ClInclude>
    <ClInclude Include="Thread.h">
      <Filter>Header Files</Filter>
    </ClInclude>
    <ClInclude Include="ArchiveData.h">
      <Filter>Header Files</Filter>
    </ClInclude>
    <ClInclude Include="..\..\ArchiveWriter.h" />
    <ClInclude Include="FragmentInfo.h">
      <Filter>Header Files</Filter>
    </ClInclude>
    <ClInclude Include="SetupFileWriterImpl.h">
      <Filter>Header Files</Filter>
    </ClInclude>
  </ItemGroup>
  <ItemGroup>
    <ClCompile Include="ArchiveWriter.cpp">
      <Filter>Source Files</Filter>
    </ClCompile>
    <ClCompile Include="Thread.cpp">
      <Filter>Source Files</Filter>
    </ClCompile>
    <ClCompile Include="ArchiveFileWriter.cpp">
      <Filter>Source Files</Filter>
    </ClCompile>
    <ClCompile Include="FragmentInfo.cpp">
      <Filter>Source Files</Filter>
    </ClCompile>
    <ClCompile Include="..\..\..\Containers\ovi\ovi2.cpp">
      <Filter>Containers\OVI</Filter>
    </ClCompile>
    <ClCompile Include="..\..\..\Containers\OVMSML\OVIFileWriter.cpp">
      <Filter>Containers</Filter>
    </ClCompile>
    <ClCompile Include="..\..\..\Containers\ovi\Metadata.cpp" />
  </ItemGroup>
</Project>