<?xml version="1.0" encoding="utf-8"?>
<Project ToolsVersion="4.0" xmlns="http://schemas.microsoft.com/developer/msbuild/2003">
  <ItemGroup>
    <Filter Include="Source Files">
      <UniqueIdentifier>{4FC737F1-C7A5-4376-A066-2A32D752A2FF}</UniqueIdentifier>
      <Extensions>cpp;c;cc;cxx;def;odl;idl;hpj;bat;asm;asmx</Extensions>
    </Filter>
    <Filter Include="Header Files">
      <UniqueIdentifier>{93995380-89BD-4b04-88EB-625FBE52EBFB}</UniqueIdentifier>
      <Extensions>h;hpp;hxx;hm;inl;inc;xsd</Extensions>
    </Filter>
    <Filter Include="Resource Files">
      <UniqueIdentifier>{67DA6AB6-F800-4c08-8B7A-83BB121AAD01}</UniqueIdentifier>
      <Extensions>rc;ico;cur;bmp;dlg;rc2;rct;bin;rgs;gif;jpg;jpeg;jpe;resx;tiff;tif;png;wav;mfcribbon-ms</Extensions>
    </Filter>
    <Filter Include="Generated Files">
      <UniqueIdentifier>{8c9459ac-4e5b-44b7-8df9-000ebd41090f}</UniqueIdentifier>
      <SourceControlFiles>False</SourceControlFiles>
    </Filter>
    <Filter Include="Settings">
      <UniqueIdentifier>{7cfe2f64-dd9a-48c3-b65f-d456c99f40a7}</UniqueIdentifier>
    </Filter>
  </ItemGroup>
  <ItemGroup>
    <ClCompile Include="stdafx.cpp">
      <Filter>Source Files</Filter>
    </ClCompile>
    <ClCompile Include="OVMSML.cpp">
      <Filter>Source Files</Filter>
    </ClCompile>
    <ClCompile Include="OVMSML_i.c">
      <Filter>Generated Files</Filter>
    </ClCompile>
    <ClCompile Include="OVMediaStreamController.cpp">
      <Filter>Source Files</Filter>
    </ClCompile>
    <ClCompile Include="Utils.cpp">
      <Filter>Source Files</Filter>
    </ClCompile>
    <ClCompile Include="WriterManager.cpp">
      <Filter>Source Files</Filter>
    </ClCompile>
    <ClCompile Include="WriterManager.cpp">
      <Filter>Source Files</Filter>
    </ClCompile>
    <ClCompile Include="MessagesQueueThread.cpp">
      <Filter>Source Files</Filter>
    </ClCompile>
    <ClCompile Include="DelayedTaskManager.cpp">
      <Filter>Source Files</Filter>
    </ClCompile>
    <ClCompile Include="FPSCalc.cpp">
      <Filter>Source Files</Filter>
    </ClCompile>
    <ClCompile Include="DuplicatedThreadHandle.cpp">
      <Filter>Source Files</Filter>
    </ClCompile>
    <ClCompile Include="Settings\Detector.cpp">
      <Filter>Settings</Filter>
    </ClCompile>
    <ClCompile Include="Settings\XmlConfig.cpp">
      <Filter>Settings</Filter>
    </ClCompile>
    <ClCompile Include="Settings\AVGSettings.cpp">
      <Filter>Settings</Filter>
    </ClCompile>
    <ClCompile Include="DetectorManager.cpp">
      <Filter>Source Files</Filter>
    </ClCompile>
    <ClCompile Include="Log.cpp">
      <Filter>Source Files</Filter>
    </ClCompile>
    <ClCompile Include="IStreamHelpers.cpp">
      <Filter>Source Files</Filter>
    </ClCompile>
    <ClCompile Include="ComLeaksDetector.cpp">
      <Filter>Source Files</Filter>
    </ClCompile>
    <ClCompile Include="Bitmaps.cpp">
      <Filter>Source Files</Filter>
    </ClCompile>
    <ClCompile Include="CameraFrame.cpp">
      <Filter>Source Files</Filter>
    </ClCompile>
    <ClCompile Include="PipeManager.cpp">
      <Filter>Source Files</Filter>
    </ClCompile>
    <ClCompile Include="PipeConnection.cpp">
      <Filter>Source Files</Filter>
    </ClCompile>
    <ClCompile Include="CameraConnection.cpp">
      <Filter>Source Files</Filter>
    </ClCompile>
    <ClCompile Include="OVDetectionZone.cpp">
      <Filter>Source Files</Filter>
    </ClCompile>
    <ClCompile Include="VariantParamsController.cpp">
      <Filter>Source Files</Filter>
    </ClCompile>
    <ClCompile Include="Settings\SettingsStructs.cpp">
      <Filter>Settings</Filter>
    </ClCompile>
    <ClCompile Include="..\..\common\EngineComp_i.c">
      <Filter>Generated Files</Filter>
    </ClCompile>
    <ClCompile Include="..\OVCameraEventService\OVCameraEventService\OVCameraEventService_i.c">
      <Filter>Generated Files</Filter>
    </ClCompile>
    <ClCompile Include="Settings\XmlParserBase.cpp">
      <Filter>Settings</Filter>
    </ClCompile>
    <ClCompile Include="Settings\XmlParser_v1_10.cpp">
      <Filter>Settings</Filter>
    </ClCompile>
    <ClCompile Include="ConnectionsManager.cpp">
      <Filter>Source Files</Filter>
    </ClCompile>
    <ClCompile Include="PipeGPUServiceConnection.cpp">
      <Filter>Source Files</Filter>
    </ClCompile>
    <ClCompile Include="Hooks.cpp">
      <Filter>Source Files</Filter>
    </ClCompile>
  </ItemGroup>
  <ItemGroup>
    <ClInclude Include="stdafx.h">
      <Filter>Header Files</Filter>
    </ClInclude>
    <ClInclude Include="targetver.h">
      <Filter>Header Files</Filter>
    </ClInclude>
    <ClInclude Include="Resource.h">
      <Filter>Header Files</Filter>
    </ClInclude>
    <ClInclude Include="OVMediaStreamController.h">
      <Filter>Header Files</Filter>
    </ClInclude>
    <ClInclude Include="_IOVMediaStreamControllerEvents_CP.H">
      <Filter>Header Files</Filter>
    </ClInclude>
    <ClInclude Include="Utils.h">
      <Filter>Header Files</Filter>
    </ClInclude>
    <ClInclude Include="WriterManager.h">
      <Filter>Header Files</Filter>
    </ClInclude>
    <ClInclude Include="WriterManager.h">
      <Filter>Header Files</Filter>
    </ClInclude>
    <ClInclude Include="MessagesQueueThread.h">
      <Filter>Header Files</Filter>
    </ClInclude>
    <ClInclude Include="ServerEventsProxy.h">
      <Filter>Header Files</Filter>
    </ClInclude>
    <ClInclude Include="DelayedTaskManager.h">
      <Filter>Header Files</Filter>
    </ClInclude>
    <ClInclude Include="FPSCalc.h">
      <Filter>Header Files</Filter>
    </ClInclude>
    <ClInclude Include="DuplicatedThreadHandle.h">
      <Filter>Header Files</Filter>
    </ClInclude>
    <ClInclude Include="Settings\AVGSettings.h">
      <Filter>Settings</Filter>
    </ClInclude>
    <ClInclude Include="Settings\Detector.h">
      <Filter>Settings</Filter>
    </ClInclude>
    <ClInclude Include="Settings\SettingsStructs.h">
      <Filter>Settings</Filter>
    </ClInclude>
    <ClInclude Include="Settings\XmlConfig.h">
      <Filter>Settings</Filter>
    </ClInclude>
    <ClInclude Include="DetectorManager.h">
      <Filter>Header Files</Filter>
    </ClInclude>
    <ClInclude Include="Log.h">
      <Filter>Header Files</Filter>
    </ClInclude>
    <ClInclude Include="IStreamHelpers.h">
      <Filter>Header Files</Filter>
    </ClInclude>
    <ClInclude Include="ComLeaksDetector.h">
      <Filter>Header Files</Filter>
    </ClInclude>
    <ClInclude Include="Bitmaps.h">
      <Filter>Header Files</Filter>
    </ClInclude>
    <ClInclude Include="CameraFrame.h">
      <Filter>Header Files</Filter>
    </ClInclude>
    <ClInclude Include="PipeManager.h">
      <Filter>Header Files</Filter>
    </ClInclude>
    <ClInclude Include="PipeConnection.h">
      <Filter>Header Files</Filter>
    </ClInclude>
    <ClInclude Include="CameraConnection.h">
      <Filter>Header Files</Filter>
    </ClInclude>
    <ClInclude Include="OVDetectionZone.h">
      <Filter>Header Files</Filter>
    </ClInclude>
    <ClInclude Include="OVMSML.h">
      <Filter>Generated Files</Filter>
    </ClInclude>
    <ClInclude Include="VariantParamsController.h">
      <Filter>Header Files</Filter>
    </ClInclude>
    <ClInclude Include="Settings\XmlParserBase.h">
      <Filter>Settings</Filter>
    </ClInclude>
    <ClInclude Include="Settings\XmlParser_v1_10.h">
      <Filter>Settings</Filter>
    </ClInclude>
    <ClInclude Include="ConnectionsManager.h">
      <Filter>Header Files</Filter>
    </ClInclude>
    <ClInclude Include="CameraInterface.h">
      <Filter>Header Files</Filter>
    </ClInclude>
    <ClInclude Include="PipeGPUServiceConnection.h">
      <Filter>Header Files</Filter>
    </ClInclude>
    <ClInclude Include="Hooks.h">
      <Filter>Header Files</Filter>
    </ClInclude>
    <ClInclude Include="..\CommonDefinitions.h">
      <Filter>Source Files</Filter>
    </ClInclude>
  </ItemGroup>
  <ItemGroup>
    <ResourceCompile Include="OVMSML.rc">
      <Filter>Resource Files</Filter>
    </ResourceCompile>
  </ItemGroup>
  <ItemGroup>
    <None Include="ReadMe.txt" />
    <None Include="OVMSML.rgs">
      <Filter>Resource Files</Filter>
    </None>
    <None Include="OVMediaStreamController.rgs">
      <Filter>Resource Files</Filter>
    </None>
    <None Include="Resources\detected_object.bmp">
      <Filter>Resource Files</Filter>
    </None>
    <None Include="OVDetectionZone.rgs">
      <Filter>Resource Files</Filter>
    </None>
  </ItemGroup>
  <ItemGroup>
    <Midl Include="OVMSML.idl">
      <Filter>Source Files</Filter>
    </Midl>
  </ItemGroup>
</Project>